
Microsoft Visual Studio Solution File, Format Version 12.00
# Visual Studio Version 16
VisualStudioVersion = 16.0.30907.101
MinimumVisualStudioVersion = 10.0.40219.1
Project("{FAE04EC0-301F-11D3-BF4B-00C04F79EFBC}") = "SistemaNotasMVC", "SistemaNotasMVC\SistemaNotasMVC.csproj", "{AF028CF0-6037-4B80-85A6-EBF1DCF009B7}"
EndProject
Project("{FAE04EC0-301F-11D3-BF4B-00C04F79EFBC}") = "DA", "DA\DA.csproj", "{2E4189EA-4270-4E9A-958C-0E20BA0BA6E6}"
EndProject
Project("{FAE04EC0-301F-11D3-BF4B-00C04F79EFBC}") = "ET", "ET\ET.csproj", "{D1F0BF41-AE19-4285-B09B-EB07E54DECD8}"
EndProject
Project("{FAE04EC0-301F-11D3-BF4B-00C04F79EFBC}") = "BL", "BL\BL.csproj", "{F18B4F1D-78D4-42C5-9A83-784C26E7D3CF}"
EndProject
Global
	GlobalSection(SolutionConfigurationPlatforms) = preSolution
		Debug|Any CPU = Debug|Any CPU
		Release|Any CPU = Release|Any CPU
	EndGlobalSection
	GlobalSection(ProjectConfigurationPlatforms) = postSolution
		{AF028CF0-6037-4B80-85A6-EBF1DCF009B7}.Debug|Any CPU.ActiveCfg = Debug|Any CPU
		{AF028CF0-6037-4B80-85A6-EBF1DCF009B7}.Debug|Any CPU.Build.0 = Debug|Any CPU
		{AF028CF0-6037-4B80-85A6-EBF1DCF009B7}.Release|Any CPU.ActiveCfg = Release|Any CPU
		{AF028CF0-6037-4B80-85A6-EBF1DCF009B7}.Release|Any CPU.Build.0 = Release|Any CPU
		{2E4189EA-4270-4E9A-958C-0E20BA0BA6E6}.Debug|Any CPU.ActiveCfg = Debug|Any CPU
		{2E4189EA-4270-4E9A-958C-0E20BA0BA6E6}.Debug|Any CPU.Build.0 = Debug|Any CPU
		{2E4189EA-4270-4E9A-958C-0E20BA0BA6E6}.Release|Any CPU.ActiveCfg = Release|Any CPU
		{2E4189EA-4270-4E9A-958C-0E20BA0BA6E6}.Release|Any CPU.Build.0 = Release|Any CPU
		{D1F0BF41-AE19-4285-B09B-EB07E54DECD8}.Debug|Any CPU.ActiveCfg = Debug|Any CPU
		{D1F0BF41-AE19-4285-B09B-EB07E54DECD8}.Debug|Any CPU.Build.0 = Debug|Any CPU
		{D1F0BF41-AE19-4285-B09B-EB07E54DECD8}.Release|Any CPU.ActiveCfg = Release|Any CPU
		{D1F0BF41-AE19-4285-B09B-EB07E54DECD8}.Release|Any CPU.Build.0 = Release|Any CPU
		{F18B4F1D-78D4-42C5-9A83-784C26E7D3CF}.Debug|Any CPU.ActiveCfg = Debug|Any CPU
		{F18B4F1D-78D4-42C5-9A83-784C26E7D3CF}.Debug|Any CPU.Build.0 = Debug|Any CPU
		{F18B4F1D-78D4-42C5-9A83-784C26E7D3CF}.Release|Any CPU.ActiveCfg = Release|Any CPU
		{F18B4F1D-78D4-42C5-9A83-784C26E7D3CF}.Release|Any CPU.Build.0 = Release|Any CPU
	EndGlobalSection
	GlobalSection(SolutionProperties) = preSolution
		HideSolutionNode = FALSE
	EndGlobalSection
	GlobalSection(ExtensibilityGlobals) = postSolution
		SolutionGuid = {4F9D4749-2F2C-4571-A28F-D54FC4B23D0A}
	EndGlobalSection
EndGlobal
